<?xml version="1.0" encoding="utf-8"?>
<Project ToolsVersion="4.0" xmlns="http://schemas.microsoft.com/developer/msbuild/2003">
  <ItemGroup>
    <Filter Include="Source Files">
      <UniqueIdentifier>{4FC737F1-C7A5-4376-A066-2A32D752A2FF}</UniqueIdentifier>
      <Extensions>cpp;c;cc;cxx;c++;cppm;ixx;def;odl;idl;hpj;bat;asm;asmx</Extensions>
    </Filter>
    <Filter Include="Header Files">
      <UniqueIdentifier>{93995380-89BD-4b04-88EB-625FBE52EBFB}</UniqueIdentifier>
      <Extensions>h;hh;hpp;hxx;h++;hm;inl;inc;ipp;xsd</Extensions>
    </Filter>
    <Filter Include="Resource Files">
      <UniqueIdentifier>{67DA6AB6-F800-4c08-8B7A-83BB121AAD01}</UniqueIdentifier>
      <Extensions>rc;ico;cur;bmp;dlg;rc2;rct;bin;rgs;gif;jpg;jpeg;jpe;resx;tiff;tif;png;wav;mfcribbon-ms</Extensions>
    </Filter>
    <Filter Include="Source Files\Manager">
      <UniqueIdentifier>{2230f3e0-b312-426b-b122-1870144e4380}</UniqueIdentifier>
    </Filter>
    <Filter Include="Source Files\Manager\Camera">
      <UniqueIdentifier>{c1e9a285-bbba-4277-8d74-5389a3f936f0}</UniqueIdentifier>
    </Filter>
    <Filter Include="Source Files\Manager\Texture">
      <UniqueIdentifier>{1995caa5-061d-4ab5-814b-6abc9e8749a9}</UniqueIdentifier>
    </Filter>
    <Filter Include="Source Files\Manager\Font">
      <UniqueIdentifier>{d86a4dda-b16b-4266-ae0c-7f329e39bed9}</UniqueIdentifier>
    </Filter>
    <Filter Include="Source Files\Manager\Entity">
      <UniqueIdentifier>{f7c1202e-bee7-4c5f-bf28-832dedf58727}</UniqueIdentifier>
    </Filter>
    <Filter Include="Source Files\Manager\Input">
      <UniqueIdentifier>{b0063179-a124-41ae-b17a-05f3a526abfe}</UniqueIdentifier>
    </Filter>
    <Filter Include="Source Files\Manager\Timer">
      <UniqueIdentifier>{2719260a-b0c5-4a2f-8a73-ec0da4bc9461}</UniqueIdentifier>
    </Filter>
    <Filter Include="Source Files\Manager\Widget">
      <UniqueIdentifier>{dd5cd60a-67a8-4b36-84e5-14989a3547ff}</UniqueIdentifier>
    </Filter>
    <Filter Include="Source Files\Game">
      <UniqueIdentifier>{ed7a9833-47ba-4ac4-94ac-cad40b2235c7}</UniqueIdentifier>
    </Filter>
    <Filter Include="Source Files\IAs">
      <UniqueIdentifier>{823e43bc-d007-423f-8d63-1053804562b6}</UniqueIdentifier>
    </Filter>
    <Filter Include="Source Files\IAs\Brains">
      <UniqueIdentifier>{4a596d08-fd9a-47ef-a04e-68d678b09e8f}</UniqueIdentifier>
    </Filter>
    <Filter Include="Source Files\IAs\Transitions">
      <UniqueIdentifier>{ffb848e0-9f62-4939-8847-b030b95d9d17}</UniqueIdentifier>
    </Filter>
    <Filter Include="Source Files\Manager\FXs">
      <UniqueIdentifier>{d9efaa4c-7a9e-47a0-b81b-eeb1cb5e02af}</UniqueIdentifier>
    </Filter>
    <Filter Include="Source Files\Manager\Menus">
      <UniqueIdentifier>{aa0385ba-9dfd-4b51-a94c-2536c720208c}</UniqueIdentifier>
    </Filter>
    <Filter Include="Source Files\Manager\Musics">
      <UniqueIdentifier>{25bc66db-197f-4354-8e16-42b2a2621830}</UniqueIdentifier>
    </Filter>
    <Filter Include="Source Files\Manager\UI">
      <UniqueIdentifier>{797e8f2f-a453-4111-92f5-559656b9b0ab}</UniqueIdentifier>
    </Filter>
    <Filter Include="Source Files\Manager\Sounds">
      <UniqueIdentifier>{f19cf77f-a0a4-45fa-8872-b7778a868bdb}</UniqueIdentifier>
    </Filter>
    <Filter Include="Source Files\Maps">
      <UniqueIdentifier>{61768ff8-ce93-4716-9407-099d4b05778d}</UniqueIdentifier>
    </Filter>
    <Filter Include="Source Files\Menus">
      <UniqueIdentifier>{7d55996b-49a7-4e39-8946-6b3d1ac530b3}</UniqueIdentifier>
    </Filter>
    <Filter Include="Source Files\Objects">
      <UniqueIdentifier>{47c57337-9953-4655-8163-9d0a43d51fd5}</UniqueIdentifier>
    </Filter>
    <Filter Include="Source Files\Objects\ShapesObjects">
      <UniqueIdentifier>{9f666d33-e573-4bf6-aa11-93a9bfc46e77}</UniqueIdentifier>
    </Filter>
    <Filter Include="Source Files\Objects\TextObjects">
      <UniqueIdentifier>{f4dc866c-a1ec-4536-83ab-99df11c11b69}</UniqueIdentifier>
    </Filter>
    <Filter Include="Source Files\Objects\ShapesObjects\Actors">
      <UniqueIdentifier>{761b2029-db04-4d02-8ba3-acd3799255df}</UniqueIdentifier>
    </Filter>
    <Filter Include="Source Files\Objects\ShapesObjects\Actors\Collectables">
      <UniqueIdentifier>{a795e3a5-43ed-46a5-8b26-f542884b6c0f}</UniqueIdentifier>
    </Filter>
    <Filter Include="Source Files\Objects\ShapesObjects\Actors\Interactables">
      <UniqueIdentifier>{6f7576ea-1202-4640-bb72-9fe829e0322e}</UniqueIdentifier>
    </Filter>
    <Filter Include="Source Files\Objects\ShapesObjects\Actors\Player">
      <UniqueIdentifier>{df9b554f-2b2c-4580-a64c-ec2d153dfaea}</UniqueIdentifier>
    </Filter>
    <Filter Include="Source Files\UIs">
      <UniqueIdentifier>{7a0092fb-f462-4e21-bc0f-1b9c124102cb}</UniqueIdentifier>
    </Filter>
    <Filter Include="Source Files\UIs\Canvas">
      <UniqueIdentifier>{19402694-91c6-4f89-8cf9-5e51bc76b241}</UniqueIdentifier>
    </Filter>
    <Filter Include="Source Files\UIs\Widgets">
      <UniqueIdentifier>{5f9adf02-1392-494d-b0e0-51ec4117e352}</UniqueIdentifier>
    </Filter>
    <Filter Include="Source Files\UIs\Widgets\ShapesWidgets">
      <UniqueIdentifier>{ed22fb37-3fd0-416c-af73-640539aef4e0}</UniqueIdentifier>
    </Filter>
    <Filter Include="Source Files\UIs\Widgets\TextWidgets">
      <UniqueIdentifier>{c77029ba-60ea-45f2-8280-154b3ce58f57}</UniqueIdentifier>
    </Filter>
    <Filter Include="Source Files\UIs\Widgets\ShapesWidgets\Buttons">
      <UniqueIdentifier>{cdf5620f-5a5a-4ec4-a4ec-6a90b8391b61}</UniqueIdentifier>
    </Filter>
    <Filter Include="Source Files\UIs\Widgets\ShapesWidgets\Items">
      <UniqueIdentifier>{8f6638b2-b066-4e5a-a348-cb1828e0784c}</UniqueIdentifier>
    </Filter>
    <Filter Include="Source Files\UIs\Widgets\ShapesWidgets\Labels">
      <UniqueIdentifier>{00429b68-9595-49fb-a269-424e96a2e988}</UniqueIdentifier>
    </Filter>
    <Filter Include="Source Files\Components">
      <UniqueIdentifier>{9db60d9b-4f37-4984-9811-55fdca7bf568}</UniqueIdentifier>
    </Filter>
    <Filter Include="Source Files\Components\Movement">
      <UniqueIdentifier>{329f1375-4f97-4efb-bac1-d76f4a3ea54f}</UniqueIdentifier>
    </Filter>
    <Filter Include="Source Files\Components\Life">
      <UniqueIdentifier>{8d58bcf4-5e5a-46f3-87c6-dcfb52dd8f09}</UniqueIdentifier>
    </Filter>
    <Filter Include="Source Files\Components\Interaction">
      <UniqueIdentifier>{f4954d28-486b-43c9-ae19-f54808d5cb70}</UniqueIdentifier>
    </Filter>
    <Filter Include="Source Files\Components\Collision">
      <UniqueIdentifier>{0067128b-0013-421b-96e3-cdfc22d581e8}</UniqueIdentifier>
    </Filter>
    <Filter Include="Source Files\Components\Attack">
      <UniqueIdentifier>{5eec9240-a8b5-4230-aa7e-11d5ac2e1cf7}</UniqueIdentifier>
    </Filter>
    <Filter Include="Source Files\Components\Animation">
      <UniqueIdentifier>{ac42c8b6-de4e-4d4e-998e-c35dafdb3128}</UniqueIdentifier>
    </Filter>
    <Filter Include="Source Files\Resources">
      <UniqueIdentifier>{0c48dfbc-929e-4c0c-9899-4945e9b1d10d}</UniqueIdentifier>
    </Filter>
    <Filter Include="Source Files\IAs\States">
      <UniqueIdentifier>{9e11bbeb-0715-404a-bf10-e7a57b55d825}</UniqueIdentifier>
    </Filter>
    <Filter Include="Source Files\GPE">
      <UniqueIdentifier>{2b701812-caf5-475b-b339-b0e256d55e8b}</UniqueIdentifier>
    </Filter>
    <Filter Include="Source Files\Manager\GPE">
      <UniqueIdentifier>{a91e4081-a246-430d-812c-ce65d1a7329d}</UniqueIdentifier>
    </Filter>
    <Filter Include="Source Files\Entities">
      <UniqueIdentifier>{5bcba9f4-5b43-41e4-8700-d152eddfb33c}</UniqueIdentifier>
    </Filter>
    <Filter Include="Source Files\GPE\Construction">
      <UniqueIdentifier>{8d67a65f-7099-4ed6-94c9-587c3c2dcd67}</UniqueIdentifier>
    </Filter>
    <Filter Include="Source Files\GPE\Building">
      <UniqueIdentifier>{70af045a-da37-4a43-a53f-c1ac5097e3db}</UniqueIdentifier>
    </Filter>
    <Filter Include="Source Files\GPE\Decor">
      <UniqueIdentifier>{c2f62dba-012a-4f8d-9e97-e0f573158065}</UniqueIdentifier>
    </Filter>
    <Filter Include="Source Files\Manager\Actors">
      <UniqueIdentifier>{bb69a248-c537-4c6a-abd5-240a08578226}</UniqueIdentifier>
    </Filter>
    <Filter Include="Source Files\UIs\Menu">
      <UniqueIdentifier>{5b326332-c4a6-48e2-9e81-cf0dbc9556a2}</UniqueIdentifier>
    </Filter>
    <Filter Include="Source Files\Objects\ShapesObjects\Actors\Player\Spells">
      <UniqueIdentifier>{5b56a4f6-1801-49bb-bd44-2554e4cc95db}</UniqueIdentifier>
    </Filter>
    <Filter Include="Source Files\Components\Sight">
      <UniqueIdentifier>{8c776f99-25a2-48c1-85c1-32b85394c9f6}</UniqueIdentifier>
    </Filter>
    <Filter Include="Source Files\Gameplay">
      <UniqueIdentifier>{c3bdfce2-32b6-41b9-8e6d-48b099099162}</UniqueIdentifier>
    </Filter>
    <Filter Include="Source Files\Entities\Ally">
      <UniqueIdentifier>{ae9ec829-3bcc-4c80-9ed4-4f4197cd4910}</UniqueIdentifier>
    </Filter>
    <Filter Include="Source Files\Entities\Enemy">
      <UniqueIdentifier>{7b0432eb-371d-402f-b8c5-c30197e5d75c}</UniqueIdentifier>
    </Filter>
    <Filter Include="Source Files\Manager\Map">
      <UniqueIdentifier>{734e3db9-0743-4ba2-bc6c-0c5a8a9f7bda}</UniqueIdentifier>
    </Filter>
  </ItemGroup>
  <ItemGroup>
    <ClInclude Include="Game.h">
      <Filter>Source Files\Game</Filter>
    </ClInclude>
    <ClInclude Include="BlackBoard.h">
      <Filter>Source Files\IAs\Brains</Filter>
    </ClInclude>
    <ClInclude Include="Brain.h">
      <Filter>Source Files\IAs\Brains</Filter>
    </ClInclude>
    <ClInclude Include="AttackToChase.h">
      <Filter>Source Files\IAs\Transitions</Filter>
    </ClInclude>
    <ClInclude Include="AttackToDeath.h">
      <Filter>Source Files\IAs\Transitions</Filter>
    </ClInclude>
    <ClInclude Include="ChaseToAttack.h">
      <Filter>Source Files\IAs\Transitions</Filter>
    </ClInclude>
    <ClInclude Include="ChaseToDeath.h">
      <Filter>Source Files\IAs\Transitions</Filter>
    </ClInclude>
    <ClInclude Include="AttackState.h">
      <Filter>Source Files\IAs\States</Filter>
    </ClInclude>
    <ClInclude Include="ChaseState.h">
      <Filter>Source Files\IAs\States</Filter>
    </ClInclude>
    <ClInclude Include="DeathState.h">
      <Filter>Source Files\IAs\States</Filter>
    </ClInclude>
    <ClInclude Include="State.h">
      <Filter>Source Files\IAs\States</Filter>
    </ClInclude>
    <ClInclude Include="Transition.h">
      <Filter>Source Files\IAs\Transitions</Filter>
    </ClInclude>
    <ClInclude Include="Singleton.h">
      <Filter>Source Files\Manager</Filter>
    </ClInclude>
    <ClInclude Include="IManagable.h">
      <Filter>Source Files\Manager</Filter>
    </ClInclude>
    <ClInclude Include="IManager.h">
      <Filter>Source Files\Manager</Filter>
    </ClInclude>
    <ClInclude Include="Action.h">
      <Filter>Source Files\Manager\Input</Filter>
    </ClInclude>
    <ClInclude Include="ActionMap.h">
      <Filter>Source Files\Manager\Input</Filter>
    </ClInclude>
    <ClInclude Include="ActorManager.h">
      <Filter>Source Files\Manager\Actors</Filter>
    </ClInclude>
    <ClInclude Include="CameraManager.h">
      <Filter>Source Files\Manager\Camera</Filter>
    </ClInclude>
    <ClInclude Include="Camera.h">
      <Filter>Source Files\Manager\Camera</Filter>
    </ClInclude>
    <ClInclude Include="AllyEntityManager.h">
      <Filter>Source Files\Manager\Entity</Filter>
    </ClInclude>
    <ClInclude Include="FontData.h">
      <Filter>Source Files\Manager\Font</Filter>
    </ClInclude>
    <ClInclude Include="FontManager.h">
      <Filter>Source Files\Manager\Font</Filter>
    </ClInclude>
    <ClInclude Include="Fx.h">
      <Filter>Source Files\Manager\FXs</Filter>
    </ClInclude>
    <ClInclude Include="FxData.h">
      <Filter>Source Files\Manager\FXs</Filter>
    </ClInclude>
    <ClInclude Include="FxManager.h">
      <Filter>Source Files\Manager\FXs</Filter>
    </ClInclude>
    <ClInclude Include="HUD.h">
      <Filter>Source Files\Manager\UI</Filter>
    </ClInclude>
    <ClInclude Include="MenuManager.h">
      <Filter>Source Files\Manager\Menus</Filter>
    </ClInclude>
    <ClInclude Include="MusicData.h">
      <Filter>Source Files\Manager\Musics</Filter>
    </ClInclude>
    <ClInclude Include="MusicManager.h">
      <Filter>Source Files\Manager\Musics</Filter>
    </ClInclude>
    <ClInclude Include="SoundData.h">
      <Filter>Source Files\Manager\Sounds</Filter>
    </ClInclude>
    <ClInclude Include="SoundManager.h">
      <Filter>Source Files\Manager\Sounds</Filter>
    </ClInclude>
    <ClInclude Include="TextureData.h">
      <Filter>Source Files\Manager\Texture</Filter>
    </ClInclude>
    <ClInclude Include="TextureManager.h">
      <Filter>Source Files\Manager\Texture</Filter>
    </ClInclude>
    <ClInclude Include="Timer.h">
      <Filter>Source Files\Manager\Timer</Filter>
    </ClInclude>
    <ClInclude Include="TimerManager.h">
      <Filter>Source Files\Manager\Timer</Filter>
    </ClInclude>
    <ClInclude Include="Widget.h">
      <Filter>Source Files\Manager\Widget</Filter>
    </ClInclude>
    <ClInclude Include="WidgetManager.h">
      <Filter>Source Files\Manager\Widget</Filter>
    </ClInclude>
    <ClInclude Include="Map.h">
      <Filter>Source Files\Maps</Filter>
    </ClInclude>
    <ClInclude Include="AudioMenu.h">
      <Filter>Source Files\Menus</Filter>
    </ClInclude>
    <ClInclude Include="ControllerMenu.h">
      <Filter>Source Files\Menus</Filter>
    </ClInclude>
    <ClInclude Include="KeyboardMenu.h">
      <Filter>Source Files\Menus</Filter>
    </ClInclude>
    <ClInclude Include="MainMenu.h">
      <Filter>Source Files\Menus</Filter>
    </ClInclude>
    <ClInclude Include="Menu.h">
      <Filter>Source Files\Menus</Filter>
    </ClInclude>
    <ClInclude Include="Object.h">
      <Filter>Source Files\Objects</Filter>
    </ClInclude>
    <ClInclude Include="TextObject.h">
      <Filter>Source Files\Objects\TextObjects</Filter>
    </ClInclude>
    <ClInclude Include="ShapeObject.h">
      <Filter>Source Files\Objects\ShapesObjects</Filter>
    </ClInclude>
    <ClInclude Include="Actor.h">
      <Filter>Source Files\Objects\ShapesObjects\Actors</Filter>
    </ClInclude>
    <ClInclude Include="CollectableActor.h">
      <Filter>Source Files\Objects\ShapesObjects\Actors\Collectables</Filter>
    </ClInclude>
    <ClInclude Include="InteractableActor.h">
      <Filter>Source Files\Objects\ShapesObjects\Actors\Interactables</Filter>
    </ClInclude>
    <ClInclude Include="PNJ.h">
      <Filter>Source Files\Objects\ShapesObjects\Actors\Interactables</Filter>
    </ClInclude>
    <ClInclude Include="Player.h">
      <Filter>Source Files\Objects\ShapesObjects\Actors\Player</Filter>
    </ClInclude>
    <ClInclude Include="PlayerSound.h">
      <Filter>Source Files\Objects\ShapesObjects\Actors\Player</Filter>
    </ClInclude>
    <ClInclude Include="Canvas.h">
      <Filter>Source Files\UIs\Canvas</Filter>
    </ClInclude>
    <ClInclude Include="TextWidget.h">
      <Filter>Source Files\UIs\Widgets\TextWidgets</Filter>
    </ClInclude>
    <ClInclude Include="ShapeWidget.h">
      <Filter>Source Files\UIs\Widgets\ShapesWidgets</Filter>
    </ClInclude>
    <ClInclude Include="Button.h">
      <Filter>Source Files\UIs\Widgets\ShapesWidgets\Buttons</Filter>
    </ClInclude>
    <ClInclude Include="ItemWidget.h">
      <Filter>Source Files\UIs\Widgets\ShapesWidgets\Items</Filter>
    </ClInclude>
    <ClInclude Include="Label.h">
      <Filter>Source Files\UIs\Widgets\ShapesWidgets\Labels</Filter>
    </ClInclude>
    <ClInclude Include="ProgressLabel.h">
      <Filter>Source Files\UIs\Widgets\ShapesWidgets\Labels</Filter>
    </ClInclude>
    <ClInclude Include="Component.h">
      <Filter>Source Files\Components</Filter>
    </ClInclude>
    <ClInclude Include="PlayerMovementComponent.h">
      <Filter>Source Files\Components\Movement</Filter>
    </ClInclude>
    <ClInclude Include="PlayerStat.h">
      <Filter>Source Files\Components\Life</Filter>
    </ClInclude>
    <ClInclude Include="InteractionComponent.h">
      <Filter>Source Files\Components\Interaction</Filter>
    </ClInclude>
    <ClInclude Include="InputManager.h">
      <Filter>Source Files\Manager\Input</Filter>
    </ClInclude>
    <ClInclude Include="CollisionComponent.h">
      <Filter>Source Files\Components\Collision</Filter>
    </ClInclude>
    <ClInclude Include="PlayerAttackComponent.h">
      <Filter>Source Files\Components\Attack</Filter>
    </ClInclude>
    <ClInclude Include="Animation.h">
      <Filter>Source Files\Components\Animation</Filter>
    </ClInclude>
    <ClInclude Include="AnimationComponent.h">
      <Filter>Source Files\Components\Animation</Filter>
    </ClInclude>
    <ClInclude Include="PlayerAnimationComponent.h">
      <Filter>Source Files\Components\Animation</Filter>
    </ClInclude>
    <ClInclude Include="FileLoader.h">
      <Filter>Source Files\Resources</Filter>
    </ClInclude>
    <ClInclude Include="Kismet.h">
      <Filter>Source Files\Resources</Filter>
    </ClInclude>
    <ClInclude Include="Macro.h">
      <Filter>Source Files\Resources</Filter>
    </ClInclude>
    <ClInclude Include="SoundSystem.h">
      <Filter>Source Files\Resources</Filter>
    </ClInclude>
    <ClInclude Include="Item.h">
      <Filter>Source Files\Menus</Filter>
    </ClInclude>
    <ClInclude Include="inventory.h">
      <Filter>Source Files\Menus</Filter>
    </ClInclude>
    <ClInclude Include="TriggerBox.h">
      <Filter>Source Files\Objects\ShapesObjects\Actors</Filter>
    </ClInclude>
    <ClInclude Include="PlayerSoundData.h">
      <Filter>Source Files\Manager\Sounds</Filter>
    </ClInclude>
    <ClInclude Include="AllyBuildingManager.h">
      <Filter>Source Files\Manager\GPE</Filter>
    </ClInclude>
    <ClInclude Include="AllyConstructionManager.h">
      <Filter>Source Files\Manager\GPE</Filter>
    </ClInclude>
    <ClInclude Include="DecorManager.h">
      <Filter>Source Files\Manager\GPE</Filter>
    </ClInclude>
    <ClInclude Include="Entity.h">
      <Filter>Source Files\Entities</Filter>
    </ClInclude>
    <ClInclude Include="Construction.h">
      <Filter>Source Files\GPE\Construction</Filter>
    </ClInclude>
    <ClInclude Include="Wall.h">
      <Filter>Source Files\GPE\Construction</Filter>
    </ClInclude>
    <ClInclude Include="Building.h">
      <Filter>Source Files\GPE\Building</Filter>
    </ClInclude>
    <ClInclude Include="Decor.h">
      <Filter>Source Files\GPE\Decor</Filter>
    </ClInclude>
    <ClInclude Include="Trap.h">
      <Filter>Source Files\GPE\Construction</Filter>
    </ClInclude>
    <ClInclude Include="Turret.h">
      <Filter>Source Files\GPE\Construction</Filter>
    </ClInclude>
    <ClInclude Include="Armory.h">
      <Filter>Source Files\GPE\Building</Filter>
    </ClInclude>
    <ClInclude Include="Black_smith.h">
      <Filter>Source Files\GPE\Building</Filter>
    </ClInclude>
    <ClInclude Include="Canteen.h">
      <Filter>Source Files\GPE\Building</Filter>
    </ClInclude>
    <ClInclude Include="Engineer.h">
      <Filter>Source Files\GPE\Building</Filter>
    </ClInclude>
    <ClInclude Include="Wizard.h">
      <Filter>Source Files\GPE\Building</Filter>
    </ClInclude>
    <ClInclude Include="Workshop.h">
      <Filter>Source Files\GPE\Building</Filter>
    </ClInclude>
    <ClInclude Include="Barrack.h">
      <Filter>Source Files\GPE\Building</Filter>
    </ClInclude>
    <ClInclude Include="Nexus.h">
      <Filter>Source Files\GPE\Building</Filter>
    </ClInclude>
    <ClInclude Include="EnemyEntityManager.h">
      <Filter>Source Files\Manager\Entity</Filter>
    </ClInclude>
    <ClInclude Include="BarrakMenu.h">
      <Filter>Source Files\UIs\Menu</Filter>
    </ClInclude>
    <ClInclude Include="AttackMenu.h">
      <Filter>Source Files\UIs\Menu</Filter>
    </ClInclude>
    <ClInclude Include="VillageMenu.h">
      <Filter>Source Files\UIs\Menu</Filter>
    </ClInclude>
    <ClInclude Include="InventoryPlayer.h">
      <Filter>Source Files\UIs\Menu</Filter>
    </ClInclude>
    <ClInclude Include="BuildingMenu.h">
      <Filter>Source Files\UIs\Menu</Filter>
    </ClInclude>
    <ClInclude Include="ProgressBar.h">
      <Filter>Source Files\UIs\Widgets\ShapesWidgets</Filter>
    </ClInclude>
    <ClInclude Include="GameMenu.h">
      <Filter>Source Files\UIs\Menu</Filter>
    </ClInclude>
    <ClInclude Include="Spells.h">
      <Filter>Source Files\Objects\ShapesObjects\Actors\Player\Spells</Filter>
    </ClInclude>
    <ClInclude Include="EntityAttackComponent.h">
      <Filter>Source Files\Components\Attack</Filter>
    </ClInclude>
    <ClInclude Include="SightComponent.h">
      <Filter>Source Files\Components\Sight</Filter>
    </ClInclude>
    <ClInclude Include="EntityLifeComponent.h">
      <Filter>Source Files\Components\Life</Filter>
    </ClInclude>
    <ClInclude Include="EntityMovementComponent.h">
      <Filter>Source Files\Components\Movement</Filter>
    </ClInclude>
    <ClInclude Include="EntityBrain.h">
      <Filter>Source Files\IAs\Brains</Filter>
    </ClInclude>
    <ClInclude Include="StandbyState.h">
      <Filter>Source Files\IAs\States</Filter>
    </ClInclude>
    <ClInclude Include="AttackToStandby.h">
      <Filter>Source Files\IAs\Transitions</Filter>
    </ClInclude>
    <ClInclude Include="StandbyToChase.h">
      <Filter>Source Files\IAs\Transitions</Filter>
    </ClInclude>
    <ClInclude Include="StandbyToDeath.h">
      <Filter>Source Files\IAs\Transitions</Filter>
    </ClInclude>
    <ClInclude Include="Gameplay.h">
      <Filter>Source Files\Gameplay</Filter>
    </ClInclude>
    <ClInclude Include="EnemyBuildingManager.h">
      <Filter>Source Files\Manager\GPE</Filter>
    </ClInclude>
    <ClInclude Include="EnemyConstructionManager.h">
      <Filter>Source Files\Manager\GPE</Filter>
    </ClInclude>
    <ClInclude Include="Catapult.h">
      <Filter>Source Files\Entities\Ally</Filter>
    </ClInclude>
    <ClInclude Include="Knight.h">
      <Filter>Source Files\Entities\Ally</Filter>
    </ClInclude>
    <ClInclude Include="Archer.h">
      <Filter>Source Files\Entities\Ally</Filter>
    </ClInclude>
    <ClInclude Include="Priest.h">
      <Filter>Source Files\Entities\Ally</Filter>
    </ClInclude>
    <ClInclude Include="Golem.h">
      <Filter>Source Files\Entities\Enemy</Filter>
    </ClInclude>
    <ClInclude Include="Orc.h">
      <Filter>Source Files\Entities\Enemy</Filter>
    </ClInclude>
    <ClInclude Include="Skelet.h">
      <Filter>Source Files\Entities\Enemy</Filter>
    </ClInclude>
    <ClInclude Include="Warlock.h">
      <Filter>Source Files\Entities\Enemy</Filter>
    </ClInclude>
    <ClInclude Include="MultiMapMenu.h">
      <Filter>Source Files\UIs\Menu</Filter>
    </ClInclude>
    <ClInclude Include="StandbyToAttack.h">
      <Filter>Source Files\IAs\Transitions</Filter>
    </ClInclude>
  </ItemGroup>
  <ItemGroup>
    <ClCompile Include="Main.cpp">
      <Filter>Source Files</Filter>
    </ClCompile>
    <ClCompile Include="Game.cpp">
      <Filter>Source Files\Game</Filter>
    </ClCompile>
    <ClCompile Include="Brain.cpp">
      <Filter>Source Files\IAs\Brains</Filter>
    </ClCompile>
    <ClCompile Include="AttackToChase.cpp">
      <Filter>Source Files\IAs\Transitions</Filter>
    </ClCompile>
    <ClCompile Include="AttackToDeath.cpp">
      <Filter>Source Files\IAs\Transitions</Filter>
    </ClCompile>
    <ClCompile Include="ChaseToAttack.cpp">
      <Filter>Source Files\IAs\Transitions</Filter>
    </ClCompile>
    <ClCompile Include="ChaseToDeath.cpp">
      <Filter>Source Files\IAs\Transitions</Filter>
    </ClCompile>
    <ClCompile Include="AttackState.cpp">
      <Filter>Source Files\IAs\States</Filter>
    </ClCompile>
    <ClCompile Include="ChaseState.cpp">
      <Filter>Source Files\IAs\States</Filter>
    </ClCompile>
    <ClCompile Include="DeathState.cpp">
      <Filter>Source Files\IAs\States</Filter>
    </ClCompile>
    <ClCompile Include="State.cpp">
      <Filter>Source Files\IAs\States</Filter>
    </ClCompile>
    <ClCompile Include="Transition.cpp">
      <Filter>Source Files\IAs\Transitions</Filter>
    </ClCompile>
    <ClCompile Include="Action.cpp">
      <Filter>Source Files\Manager\Input</Filter>
    </ClCompile>
    <ClCompile Include="ActionMap.cpp">
      <Filter>Source Files\Manager\Input</Filter>
    </ClCompile>
    <ClCompile Include="ActorManager.cpp">
      <Filter>Source Files\Manager\Actors</Filter>
    </ClCompile>
    <ClCompile Include="CameraManager.cpp">
      <Filter>Source Files\Manager\Camera</Filter>
    </ClCompile>
    <ClCompile Include="Camera.cpp">
      <Filter>Source Files\Manager\Camera</Filter>
    </ClCompile>
    <ClCompile Include="AllyEntityManager.cpp">
      <Filter>Source Files\Manager\Entity</Filter>
    </ClCompile>
    <ClCompile Include="FontData.cpp">
      <Filter>Source Files\Manager\Font</Filter>
    </ClCompile>
    <ClCompile Include="FontManager.cpp">
      <Filter>Source Files\Manager\Font</Filter>
    </ClCompile>
    <ClCompile Include="Fx.cpp">
      <Filter>Source Files\Manager\FXs</Filter>
    </ClCompile>
    <ClCompile Include="FxData.cpp">
      <Filter>Source Files\Manager\FXs</Filter>
    </ClCompile>
    <ClCompile Include="FxManager.cpp">
      <Filter>Source Files\Manager\FXs</Filter>
    </ClCompile>
    <ClCompile Include="HUD.cpp">
      <Filter>Source Files\Manager\UI</Filter>
    </ClCompile>
    <ClCompile Include="MenuManager.cpp">
      <Filter>Source Files\Manager\Menus</Filter>
    </ClCompile>
    <ClCompile Include="MusicData.cpp">
      <Filter>Source Files\Manager\Musics</Filter>
    </ClCompile>
    <ClCompile Include="MusicManager.cpp">
      <Filter>Source Files\Manager\Musics</Filter>
    </ClCompile>
    <ClCompile Include="SoundManager.cpp">
      <Filter>Source Files\Manager\Sounds</Filter>
    </ClCompile>
    <ClCompile Include="SoundData.cpp">
      <Filter>Source Files\Manager\Sounds</Filter>
    </ClCompile>
    <ClCompile Include="TextureData.cpp">
      <Filter>Source Files\Manager\Texture</Filter>
    </ClCompile>
    <ClCompile Include="TextureManager.cpp">
      <Filter>Source Files\Manager\Texture</Filter>
    </ClCompile>
    <ClCompile Include="Timer.cpp">
      <Filter>Source Files\Manager\Timer</Filter>
    </ClCompile>
    <ClCompile Include="TimerManager.cpp">
      <Filter>Source Files\Manager\Timer</Filter>
    </ClCompile>
    <ClCompile Include="Widget.cpp">
      <Filter>Source Files\Manager\Widget</Filter>
    </ClCompile>
    <ClCompile Include="WidgetManager.cpp">
      <Filter>Source Files\Manager\Widget</Filter>
    </ClCompile>
    <ClCompile Include="Map.cpp">
      <Filter>Source Files\Maps</Filter>
    </ClCompile>
    <ClCompile Include="AudioMenu.cpp">
      <Filter>Source Files\Menus</Filter>
    </ClCompile>
    <ClCompile Include="ControllerMenu.cpp">
      <Filter>Source Files\Menus</Filter>
    </ClCompile>
    <ClCompile Include="KeyboardMenu.cpp">
      <Filter>Source Files\Menus</Filter>
    </ClCompile>
    <ClCompile Include="MainMenu.cpp">
      <Filter>Source Files\Menus</Filter>
    </ClCompile>
    <ClCompile Include="Menu.cpp">
      <Filter>Source Files\Menus</Filter>
    </ClCompile>
    <ClCompile Include="Object.cpp">
      <Filter>Source Files\Objects</Filter>
    </ClCompile>
    <ClCompile Include="TextObject.cpp">
      <Filter>Source Files\Objects\TextObjects</Filter>
    </ClCompile>
    <ClCompile Include="ShapeObject.cpp">
      <Filter>Source Files\Objects\ShapesObjects</Filter>
    </ClCompile>
    <ClCompile Include="Actor.cpp">
      <Filter>Source Files\Objects\ShapesObjects\Actors</Filter>
    </ClCompile>
    <ClCompile Include="CollectableActor.cpp">
      <Filter>Source Files\Objects\ShapesObjects\Actors\Collectables</Filter>
    </ClCompile>
    <ClCompile Include="InteractableActor.cpp">
      <Filter>Source Files\Objects\ShapesObjects\Actors\Interactables</Filter>
    </ClCompile>
    <ClCompile Include="PNJ.cpp">
      <Filter>Source Files\Objects\ShapesObjects\Actors\Interactables</Filter>
    </ClCompile>
    <ClCompile Include="Player.cpp">
      <Filter>Source Files\Objects\ShapesObjects\Actors\Player</Filter>
    </ClCompile>
    <ClCompile Include="Canvas.cpp">
      <Filter>Source Files\UIs\Canvas</Filter>
    </ClCompile>
    <ClCompile Include="TextWidget.cpp">
      <Filter>Source Files\UIs\Widgets\TextWidgets</Filter>
    </ClCompile>
    <ClCompile Include="ShapeWidget.cpp">
      <Filter>Source Files\UIs\Widgets\ShapesWidgets</Filter>
    </ClCompile>
    <ClCompile Include="Button.cpp">
      <Filter>Source Files\UIs\Widgets\ShapesWidgets\Buttons</Filter>
    </ClCompile>
    <ClCompile Include="ItemWidget.cpp">
      <Filter>Source Files\UIs\Widgets\ShapesWidgets\Items</Filter>
    </ClCompile>
    <ClCompile Include="Label.cpp">
      <Filter>Source Files\UIs\Widgets\ShapesWidgets\Labels</Filter>
    </ClCompile>
    <ClCompile Include="ProgressLabel.cpp">
      <Filter>Source Files\UIs\Widgets\ShapesWidgets\Labels</Filter>
    </ClCompile>
    <ClCompile Include="Component.cpp">
      <Filter>Source Files\Components</Filter>
    </ClCompile>
    <ClCompile Include="PlayerMovementComponent.cpp">
      <Filter>Source Files\Components\Movement</Filter>
    </ClCompile>
    <ClCompile Include="PlayerStat.cpp">
      <Filter>Source Files\Components\Life</Filter>
    </ClCompile>
    <ClCompile Include="InteractionComponent.cpp">
      <Filter>Source Files\Components\Interaction</Filter>
    </ClCompile>
    <ClCompile Include="InputManager.cpp">
      <Filter>Source Files\Manager\Input</Filter>
    </ClCompile>
    <ClCompile Include="CollisionComponent.cpp">
      <Filter>Source Files\Components\Collision</Filter>
    </ClCompile>
    <ClCompile Include="PlayerAttackComponent.cpp">
      <Filter>Source Files\Components\Attack</Filter>
    </ClCompile>
    <ClCompile Include="Animation.cpp">
      <Filter>Source Files\Components\Animation</Filter>
    </ClCompile>
    <ClCompile Include="AnimationComponent.cpp">
      <Filter>Source Files\Components\Animation</Filter>
    </ClCompile>
    <ClCompile Include="PlayerAnimationComponent.cpp">
      <Filter>Source Files\Components\Animation</Filter>
    </ClCompile>
    <ClCompile Include="FileLoader.cpp">
      <Filter>Source Files\Resources</Filter>
    </ClCompile>
    <ClCompile Include="Kismet.cpp">
      <Filter>Source Files\Resources</Filter>
    </ClCompile>
    <ClCompile Include="Macro.cpp">
      <Filter>Source Files\Resources</Filter>
    </ClCompile>
    <ClCompile Include="SoundSystem.cpp">
      <Filter>Source Files\Resources</Filter>
    </ClCompile>
    <ClCompile Include="Item.cpp">
      <Filter>Source Files\Menus</Filter>
    </ClCompile>
    <ClCompile Include="Inventory.cpp">
      <Filter>Source Files\Menus</Filter>
    </ClCompile>
    <ClCompile Include="PlayerSoundData.cpp">
      <Filter>Source Files\Manager\Sounds</Filter>
    </ClCompile>
    <ClCompile Include="AllyBuildingManager.cpp">
      <Filter>Source Files\Manager\GPE</Filter>
    </ClCompile>
    <ClCompile Include="AllyConstructionManager.cpp">
      <Filter>Source Files\Manager\GPE</Filter>
    </ClCompile>
    <ClCompile Include="DecorManager.cpp">
      <Filter>Source Files\Manager\GPE</Filter>
    </ClCompile>
    <ClCompile Include="Entity.cpp">
      <Filter>Source Files\Entities</Filter>
    </ClCompile>
    <ClCompile Include="Construction.cpp">
      <Filter>Source Files\GPE\Construction</Filter>
    </ClCompile>
    <ClCompile Include="Wall.cpp">
      <Filter>Source Files\GPE\Construction</Filter>
    </ClCompile>
    <ClCompile Include="Building.cpp">
      <Filter>Source Files\GPE\Building</Filter>
    </ClCompile>
    <ClCompile Include="Decor.cpp">
      <Filter>Source Files\GPE\Decor</Filter>
    </ClCompile>
    <ClCompile Include="Trap.cpp">
      <Filter>Source Files\GPE\Construction</Filter>
    </ClCompile>
    <ClCompile Include="Turret.cpp">
      <Filter>Source Files\GPE\Construction</Filter>
    </ClCompile>
    <ClCompile Include="Workshop.cpp">
      <Filter>Source Files\GPE\Building</Filter>
    </ClCompile>
    <ClCompile Include="Wizard.cpp">
      <Filter>Source Files\GPE\Building</Filter>
    </ClCompile>
    <ClCompile Include="Engineer.cpp">
      <Filter>Source Files\GPE\Building</Filter>
    </ClCompile>
    <ClCompile Include="Canteen.cpp">
      <Filter>Source Files\GPE\Building</Filter>
    </ClCompile>
    <ClCompile Include="Black_smith.cpp">
      <Filter>Source Files\GPE\Building</Filter>
    </ClCompile>
    <ClCompile Include="Armory.cpp">
      <Filter>Source Files\GPE\Building</Filter>
    </ClCompile>
    <ClCompile Include="Nexus.cpp">
      <Filter>Source Files\GPE\Building</Filter>
    </ClCompile>
    <ClCompile Include="Barrack.cpp">
      <Filter>Source Files\GPE\Building</Filter>
    </ClCompile>
    <ClCompile Include="EnemyEntityManager.cpp">
      <Filter>Source Files\Manager\Entity</Filter>
    </ClCompile>
    <ClCompile Include="BarrakMenu.cpp">
      <Filter>Source Files\UIs\Menu</Filter>
    </ClCompile>
    <ClCompile Include="AttackMenu.cpp">
      <Filter>Source Files\UIs\Menu</Filter>
    </ClCompile>
    <ClCompile Include="VillageMenu.cpp">
      <Filter>Source Files\UIs\Menu</Filter>
    </ClCompile>
    <ClCompile Include="InventoryPlayer.cpp">
      <Filter>Source Files\UIs\Menu</Filter>
    </ClCompile>
    <ClCompile Include="BuildingMenu.cpp">
      <Filter>Source Files\UIs\Menu</Filter>
    </ClCompile>
    <ClCompile Include="ProgressBar.cpp">
      <Filter>Source Files\UIs\Widgets\ShapesWidgets</Filter>
    </ClCompile>
    <ClCompile Include="GameMenu.cpp">
      <Filter>Source Files\UIs\Menu</Filter>
    </ClCompile>
    <ClCompile Include="Spells.cpp">
      <Filter>Source Files\Objects\ShapesObjects\Actors\Player\Spells</Filter>
    </ClCompile>
    <ClCompile Include="EntityAttackComponent.cpp">
      <Filter>Source Files\Components\Attack</Filter>
    </ClCompile>
    <ClCompile Include="SightComponent.cpp">
      <Filter>Source Files\Components\Sight</Filter>
    </ClCompile>
    <ClCompile Include="EntityLifeComponent.cpp">
      <Filter>Source Files\Components\Life</Filter>
    </ClCompile>
    <ClCompile Include="EntityMovementComponent.cpp">
      <Filter>Source Files\Components\Movement</Filter>
    </ClCompile>
    <ClCompile Include="EntityBrain.cpp">
      <Filter>Source Files\IAs\Brains</Filter>
    </ClCompile>
    <ClCompile Include="StandbyState.cpp">
      <Filter>Source Files\IAs\States</Filter>
    </ClCompile>
    <ClCompile Include="AttackToStandby.cpp">
      <Filter>Source Files\IAs\Transitions</Filter>
    </ClCompile>
    <ClCompile Include="StandbyToChase.cpp">
      <Filter>Source Files\IAs\Transitions</Filter>
    </ClCompile>
    <ClCompile Include="StandbyToDeath.cpp">
      <Filter>Source Files\IAs\Transitions</Filter>
    </ClCompile>
    <ClCompile Include="Gameplay.cpp">
      <Filter>Source Files\Gameplay</Filter>
    </ClCompile>
    <ClCompile Include="EnemyConstructionManager.cpp">
      <Filter>Source Files\Manager\GPE</Filter>
    </ClCompile>
    <ClCompile Include="EnemyBuildingManager.cpp">
      <Filter>Source Files\Manager\GPE</Filter>
    </ClCompile>
    <ClCompile Include="Catapult.cpp">
      <Filter>Source Files\Entities\Ally</Filter>
    </ClCompile>
    <ClCompile Include="Knight.cpp">
      <Filter>Source Files\Entities\Ally</Filter>
    </ClCompile>
    <ClCompile Include="Archer.cpp">
      <Filter>Source Files\Entities\Ally</Filter>
    </ClCompile>
    <ClCompile Include="Priest.cpp">
      <Filter>Source Files\Entities\Ally</Filter>
    </ClCompile>
    <ClCompile Include="Golem.cpp">
      <Filter>Source Files\Entities\Enemy</Filter>
    </ClCompile>
    <ClCompile Include="Orc.cpp">
      <Filter>Source Files\Entities\Enemy</Filter>
    </ClCompile>
    <ClCompile Include="Skelet.cpp">
      <Filter>Source Files\Entities\Enemy</Filter>
    </ClCompile>
    <ClCompile Include="Warlock.cpp">
      <Filter>Source Files\Entities\Enemy</Filter>
    </ClCompile>
    <ClCompile Include="MultiMapMenu.cpp">
      <Filter>Source Files\UIs\Menu</Filter>
    </ClCompile>
    <ClCompile Include="StandbyToAttack.cpp">
      <Filter>Source Files\IAs\Transitions</Filter>
    </ClCompile>
  </ItemGroup>
  <ItemGroup>
    <None Include="BLLDPOI">
      <Filter>Source Files</Filter>
    </None>
  </ItemGroup>
</Project>