<?xml version="1.0" encoding="utf-8"?>
<Project ToolsVersion="4.0" xmlns="http://schemas.microsoft.com/developer/msbuild/2003">
  <ItemGroup>
    <Filter Include="Source Files">
      <UniqueIdentifier>{4FC737F1-C7A5-4376-A066-2A32D752A2FF}</UniqueIdentifier>
      <Extensions>cpp;c;cc;cxx;c++;cppm;ixx;def;odl;idl;hpj;bat;asm;asmx</Extensions>
    </Filter>
    <Filter Include="Header Files">
      <UniqueIdentifier>{93995380-89BD-4b04-88EB-625FBE52EBFB}</UniqueIdentifier>
      <Extensions>h;hh;hpp;hxx;h++;hm;inl;inc;ipp;xsd</Extensions>
    </Filter>
    <Filter Include="Resource Files">
      <UniqueIdentifier>{67DA6AB6-F800-4c08-8B7A-83BB121AAD01}</UniqueIdentifier>
      <Extensions>rc;ico;cur;bmp;dlg;rc2;rct;bin;rgs;gif;jpg;jpeg;jpe;resx;tiff;tif;png;wav;mfcribbon-ms</Extensions>
    </Filter>
    <Filter Include="Source Files\Manager">
      <UniqueIdentifier>{2230f3e0-b312-426b-b122-1870144e4380}</UniqueIdentifier>
    </Filter>
    <Filter Include="Source Files\Manager\Camera">
      <UniqueIdentifier>{c1e9a285-bbba-4277-8d74-5389a3f936f0}</UniqueIdentifier>
    </Filter>
    <Filter Include="Source Files\Manager\Texture">
      <UniqueIdentifier>{1995caa5-061d-4ab5-814b-6abc9e8749a9}</UniqueIdentifier>
    </Filter>
    <Filter Include="Source Files\Manager\Font">
      <UniqueIdentifier>{d86a4dda-b16b-4266-ae0c-7f329e39bed9}</UniqueIdentifier>
    </Filter>
    <Filter Include="Source Files\Manager\Entity">
      <UniqueIdentifier>{f7c1202e-bee7-4c5f-bf28-832dedf58727}</UniqueIdentifier>
    </Filter>
    <Filter Include="Source Files\Manager\Input">
      <UniqueIdentifier>{b0063179-a124-41ae-b17a-05f3a526abfe}</UniqueIdentifier>
    </Filter>
    <Filter Include="Source Files\Manager\Timer">
      <UniqueIdentifier>{2719260a-b0c5-4a2f-8a73-ec0da4bc9461}</UniqueIdentifier>
    </Filter>
    <Filter Include="Source Files\Manager\Widget">
      <UniqueIdentifier>{dd5cd60a-67a8-4b36-84e5-14989a3547ff}</UniqueIdentifier>
    </Filter>
    <Filter Include="Source Files\UI">
      <UniqueIdentifier>{797e8f2f-a453-4111-92f5-559656b9b0ab}</UniqueIdentifier>
    </Filter>
  </ItemGroup>
  <ItemGroup>
    <ClCompile Include="Main.cpp">
      <Filter>Source Files</Filter>
    </ClCompile>
    <ClCompile Include="UIelements.cpp">
      <Filter>Source Files</Filter>
    </ClCompile>
    <ClCompile Include="Action.cpp">
      <Filter>Source Files</Filter>
    </ClCompile>
    <ClCompile Include="ActionMap.cpp">
      <Filter>Source Files</Filter>
    </ClCompile>
    <ClCompile Include="Actor.cpp">
      <Filter>Source Files</Filter>
    </ClCompile>
    <ClCompile Include="ActorManager.cpp">
      <Filter>Source Files</Filter>
    </ClCompile>
    <ClCompile Include="Animation.cpp">
      <Filter>Source Files</Filter>
    </ClCompile>
    <ClCompile Include="AnimationComponent.cpp">
      <Filter>Source Files</Filter>
    </ClCompile>
    <ClCompile Include="AttackState.cpp">
      <Filter>Source Files</Filter>
    </ClCompile>
    <ClCompile Include="AttackToChase.cpp">
      <Filter>Source Files</Filter>
    </ClCompile>
    <ClCompile Include="AttackToDeath.cpp">
      <Filter>Source Files</Filter>
    </ClCompile>
    <ClCompile Include="AudioMenu.cpp">
      <Filter>Source Files</Filter>
    </ClCompile>
    <ClCompile Include="Belfly.cpp">
      <Filter>Source Files</Filter>
    </ClCompile>
    <ClCompile Include="Brain.cpp">
      <Filter>Source Files</Filter>
    </ClCompile>
    <ClCompile Include="BrightnessMenu.cpp">
      <Filter>Source Files</Filter>
    </ClCompile>
    <ClCompile Include="Button.cpp">
      <Filter>Source Files</Filter>
    </ClCompile>
    <ClCompile Include="Camera.cpp">
      <Filter>Source Files</Filter>
    </ClCompile>
    <ClCompile Include="CameraManager.cpp">
      <Filter>Source Files</Filter>
    </ClCompile>
    <ClCompile Include="Canvas.cpp">
      <Filter>Source Files</Filter>
    </ClCompile>
    <ClCompile Include="ChaseState.cpp">
      <Filter>Source Files</Filter>
    </ClCompile>
    <ClCompile Include="ChaseToAttack.cpp">
      <Filter>Source Files</Filter>
    </ClCompile>
    <ClCompile Include="ChaseToDeath.cpp">
      <Filter>Source Files</Filter>
    </ClCompile>
    <ClCompile Include="CollectableActor.cpp">
      <Filter>Source Files</Filter>
    </ClCompile>
    <ClCompile Include="CollisionComponent.cpp">
      <Filter>Source Files</Filter>
    </ClCompile>
    <ClCompile Include="Component.cpp">
      <Filter>Source Files</Filter>
    </ClCompile>
    <ClCompile Include="DeathState.cpp">
      <Filter>Source Files</Filter>
    </ClCompile>
    <ClCompile Include="Enemy.cpp">
      <Filter>Source Files</Filter>
    </ClCompile>
    <ClCompile Include="EnemyBrain.cpp">
      <Filter>Source Files</Filter>
    </ClCompile>
    <ClCompile Include="EntityManager.cpp">
      <Filter>Source Files</Filter>
    </ClCompile>
    <ClCompile Include="FontData.cpp">
      <Filter>Source Files</Filter>
    </ClCompile>
    <ClCompile Include="FontManager.cpp">
      <Filter>Source Files</Filter>
    </ClCompile>
    <ClCompile Include="FxData.cpp">
      <Filter>Source Files</Filter>
    </ClCompile>
    <ClCompile Include="FxManager.cpp">
      <Filter>Source Files</Filter>
    </ClCompile>
    <ClCompile Include="Game.cpp">
      <Filter>Source Files</Filter>
    </ClCompile>
    <ClCompile Include="Grub.cpp">
      <Filter>Source Files</Filter>
    </ClCompile>
    <ClCompile Include="HuskBully.cpp">
      <Filter>Source Files</Filter>
    </ClCompile>
    <ClCompile Include="InputManager.cpp">
      <Filter>Source Files</Filter>
    </ClCompile>
    <ClCompile Include="InspectComponent.cpp">
      <Filter>Source Files</Filter>
    </ClCompile>
    <ClCompile Include="InteractionComponent.cpp">
      <Filter>Source Files</Filter>
    </ClCompile>
    <ClCompile Include="ItemWidget.cpp">
      <Filter>Source Files</Filter>
    </ClCompile>
    <ClCompile Include="Kismet.cpp">
      <Filter>Source Files</Filter>
    </ClCompile>
    <ClCompile Include="Label.cpp">
      <Filter>Source Files</Filter>
    </ClCompile>
    <ClCompile Include="MainMenu.cpp">
      <Filter>Source Files</Filter>
    </ClCompile>
    <ClCompile Include="Map.cpp">
      <Filter>Source Files</Filter>
    </ClCompile>
    <ClCompile Include="Menu.cpp">
      <Filter>Source Files</Filter>
    </ClCompile>
    <ClCompile Include="MenuManager.cpp">
      <Filter>Source Files</Filter>
    </ClCompile>
    <ClCompile Include="MovementComponent.cpp">
      <Filter>Source Files</Filter>
    </ClCompile>
    <ClCompile Include="MusicData.cpp">
      <Filter>Source Files</Filter>
    </ClCompile>
    <ClCompile Include="MusicManager.cpp">
      <Filter>Source Files</Filter>
    </ClCompile>
    <ClCompile Include="Object.cpp">
      <Filter>Source Files</Filter>
    </ClCompile>
    <ClCompile Include="Player.cpp">
      <Filter>Source Files</Filter>
    </ClCompile>
    <ClCompile Include="PlayerAnimationComponent.cpp">
      <Filter>Source Files</Filter>
    </ClCompile>
    <ClCompile Include="PlayerAttackComponent.cpp">
      <Filter>Source Files</Filter>
    </ClCompile>
    <ClCompile Include="PlayerMovementComponent.cpp">
      <Filter>Source Files</Filter>
    </ClCompile>
    <ClCompile Include="ProgressBar.cpp">
      <Filter>Source Files</Filter>
    </ClCompile>
    <ClCompile Include="ProgressLabel.cpp">
      <Filter>Source Files</Filter>
    </ClCompile>
    <ClCompile Include="ShapeObject.cpp">
      <Filter>Source Files</Filter>
    </ClCompile>
    <ClCompile Include="ShapeWidget.cpp">
      <Filter>Source Files</Filter>
    </ClCompile>
    <ClCompile Include="State.cpp">
      <Filter>Source Files</Filter>
    </ClCompile>
    <ClCompile Include="TextureData.cpp">
      <Filter>Source Files</Filter>
    </ClCompile>
    <ClCompile Include="TextureManager.cpp">
      <Filter>Source Files</Filter>
    </ClCompile>
    <ClCompile Include="TextWidget.cpp">
      <Filter>Source Files</Filter>
    </ClCompile>
    <ClCompile Include="Timer.cpp">
      <Filter>Source Files</Filter>
    </ClCompile>
    <ClCompile Include="TimerManager.cpp">
      <Filter>Source Files</Filter>
    </ClCompile>
    <ClCompile Include="Transition.cpp">
      <Filter>Source Files</Filter>
    </ClCompile>
    <ClCompile Include="TriggerBox.cpp">
      <Filter>Source Files</Filter>
    </ClCompile>
    <ClCompile Include="Widget.cpp">
      <Filter>Source Files</Filter>
    </ClCompile>
    <ClCompile Include="WidgetManager.cpp">
      <Filter>Source Files</Filter>
    </ClCompile>
  </ItemGroup>
  <ItemGroup>
    <ClInclude Include="Macro.h">
      <Filter>Resource Files</Filter>
    </ClInclude>
    <ClInclude Include="UIelements.h">
      <Filter>Header Files</Filter>
    </ClInclude>
    <ClInclude Include="Action.h">
      <Filter>Source Files</Filter>
    </ClInclude>
    <ClInclude Include="ActionMap.h">
      <Filter>Source Files</Filter>
    </ClInclude>
    <ClInclude Include="Actor.h">
      <Filter>Source Files</Filter>
    </ClInclude>
    <ClInclude Include="ActorManager.h">
      <Filter>Source Files</Filter>
    </ClInclude>
    <ClInclude Include="Animation.h">
      <Filter>Source Files</Filter>
    </ClInclude>
    <ClInclude Include="AnimationComponent.h">
      <Filter>Source Files</Filter>
    </ClInclude>
    <ClInclude Include="AttackState.h">
      <Filter>Source Files</Filter>
    </ClInclude>
    <ClInclude Include="AttackToChase.h">
      <Filter>Source Files</Filter>
    </ClInclude>
    <ClInclude Include="AttackToDeath.h">
      <Filter>Source Files</Filter>
    </ClInclude>
    <ClInclude Include="AudioMenu.h">
      <Filter>Source Files</Filter>
    </ClInclude>
    <ClInclude Include="Belfly.h">
      <Filter>Source Files</Filter>
    </ClInclude>
    <ClInclude Include="BlackBoard.h">
      <Filter>Source Files</Filter>
    </ClInclude>
    <ClInclude Include="Brain.h">
      <Filter>Source Files</Filter>
    </ClInclude>
    <ClInclude Include="BrightnessMenu.h">
      <Filter>Source Files</Filter>
    </ClInclude>
    <ClInclude Include="Button.h">
      <Filter>Source Files</Filter>
    </ClInclude>
    <ClInclude Include="Camera.h">
      <Filter>Source Files</Filter>
    </ClInclude>
    <ClInclude Include="CameraManager.h">
      <Filter>Source Files</Filter>
    </ClInclude>
    <ClInclude Include="Canvas.h">
      <Filter>Source Files</Filter>
    </ClInclude>
    <ClInclude Include="ChaseState.h">
      <Filter>Source Files</Filter>
    </ClInclude>
    <ClInclude Include="ChaseToAttack.h">
      <Filter>Source Files</Filter>
    </ClInclude>
    <ClInclude Include="ChaseToDeath.h">
      <Filter>Source Files</Filter>
    </ClInclude>
    <ClInclude Include="CollectableActor.h">
      <Filter>Source Files</Filter>
    </ClInclude>
    <ClInclude Include="CollisionComponent.h">
      <Filter>Source Files</Filter>
    </ClInclude>
    <ClInclude Include="Component.h">
      <Filter>Source Files</Filter>
    </ClInclude>
    <ClInclude Include="DeathState.h">
      <Filter>Source Files</Filter>
    </ClInclude>
    <ClInclude Include="Enemy.h">
      <Filter>Source Files</Filter>
    </ClInclude>
    <ClInclude Include="EnemyBrain.h">
      <Filter>Source Files</Filter>
    </ClInclude>
    <ClInclude Include="EntityManager.h">
      <Filter>Source Files</Filter>
    </ClInclude>
    <ClInclude Include="FontData.h">
      <Filter>Source Files</Filter>
    </ClInclude>
    <ClInclude Include="FontManager.h">
      <Filter>Source Files</Filter>
    </ClInclude>
    <ClInclude Include="FxData.h">
      <Filter>Source Files</Filter>
    </ClInclude>
    <ClInclude Include="FxManager.h">
      <Filter>Source Files</Filter>
    </ClInclude>
    <ClInclude Include="Game.h">
      <Filter>Source Files</Filter>
    </ClInclude>
    <ClInclude Include="Grub.h">
      <Filter>Source Files</Filter>
    </ClInclude>
    <ClInclude Include="HuskBully.h">
      <Filter>Source Files</Filter>
    </ClInclude>
    <ClInclude Include="IManagable.h">
      <Filter>Source Files</Filter>
    </ClInclude>
    <ClInclude Include="IManager.h">
      <Filter>Source Files</Filter>
    </ClInclude>
    <ClInclude Include="InputManager.h">
      <Filter>Source Files</Filter>
    </ClInclude>
    <ClInclude Include="InspectComponent.h">
      <Filter>Source Files</Filter>
    </ClInclude>
    <ClInclude Include="InteractionComponent.h">
      <Filter>Source Files</Filter>
    </ClInclude>
    <ClInclude Include="ItemWidget.h">
      <Filter>Source Files</Filter>
    </ClInclude>
    <ClInclude Include="Kismet.h">
      <Filter>Source Files</Filter>
    </ClInclude>
    <ClInclude Include="Label.h">
      <Filter>Source Files</Filter>
    </ClInclude>
    <ClInclude Include="MainMenu.h">
      <Filter>Source Files</Filter>
    </ClInclude>
    <ClInclude Include="Map.h">
      <Filter>Source Files</Filter>
    </ClInclude>
    <ClInclude Include="Menu.h">
      <Filter>Source Files</Filter>
    </ClInclude>
    <ClInclude Include="MenuManager.h">
      <Filter>Source Files</Filter>
    </ClInclude>
    <ClInclude Include="MovementComponent.h">
      <Filter>Source Files</Filter>
    </ClInclude>
    <ClInclude Include="MusicData.h">
      <Filter>Source Files</Filter>
    </ClInclude>
    <ClInclude Include="MusicManager.h">
      <Filter>Source Files</Filter>
    </ClInclude>
    <ClInclude Include="Object.h">
      <Filter>Source Files</Filter>
    </ClInclude>
    <ClInclude Include="Player.h">
      <Filter>Source Files</Filter>
    </ClInclude>
    <ClInclude Include="PlayerAnimationComponent.h">
      <Filter>Source Files</Filter>
    </ClInclude>
    <ClInclude Include="PlayerAttackComponent.h">
      <Filter>Source Files</Filter>
    </ClInclude>
    <ClInclude Include="PlayerMovementComponent.h">
      <Filter>Source Files</Filter>
    </ClInclude>
    <ClInclude Include="ProgressBar.h">
      <Filter>Source Files</Filter>
    </ClInclude>
    <ClInclude Include="ProgressLabel.h">
      <Filter>Source Files</Filter>
    </ClInclude>
    <ClInclude Include="ShapeObject.h">
      <Filter>Source Files</Filter>
    </ClInclude>
    <ClInclude Include="ShapeWidget.h">
      <Filter>Source Files</Filter>
    </ClInclude>
    <ClInclude Include="Singleton.h">
      <Filter>Source Files</Filter>
    </ClInclude>
    <ClInclude Include="State.h">
      <Filter>Source Files</Filter>
    </ClInclude>
    <ClInclude Include="TextureData.h">
      <Filter>Source Files</Filter>
    </ClInclude>
    <ClInclude Include="TextureManager.h">
      <Filter>Source Files</Filter>
    </ClInclude>
    <ClInclude Include="TextWidget.h">
      <Filter>Source Files</Filter>
    </ClInclude>
    <ClInclude Include="Timer.h">
      <Filter>Source Files</Filter>
    </ClInclude>
    <ClInclude Include="TimerManager.h">
      <Filter>Source Files</Filter>
    </ClInclude>
    <ClInclude Include="Transition.h">
      <Filter>Source Files</Filter>
    </ClInclude>
    <ClInclude Include="TriggerBox.h">
      <Filter>Source Files</Filter>
    </ClInclude>
    <ClInclude Include="Widget.h">
      <Filter>Source Files</Filter>
    </ClInclude>
    <ClInclude Include="WidgetManager.h">
      <Filter>Source Files</Filter>
    </ClInclude>
  </ItemGroup>
  <ItemGroup>
    <None Include="openal32.dll">
      <Filter>Source Files</Filter>
    </None>
  </ItemGroup>
</Project>